{
  "version": "5",
  "specifiers": {
    "jsr:@rdsq/open@^1.0.1": "1.0.1",
    "jsr:@std/assert@1": "1.0.13",
    "jsr:@std/internal@^1.0.6": "1.0.6",
    "npm:@types/node@*": "22.13.13"
  },
  "jsr": {
    "@rdsq/open@1.0.1": {
      "integrity": "48983722b08e7d6c313561536b1112edeeb1023d1cc31e1b3eedb1de026fcea7"
    },
    "@std/assert@1.0.13": {
      "integrity": "ae0d31e41919b12c656c742b22522c32fb26ed0cba32975cb0de2a273cb68b29",
      "dependencies": [
        "jsr:@std/internal"
      ]
    },
    "@std/internal@1.0.6": {
      "integrity": "9533b128f230f73bd209408bb07a4b12f8d4255ab2a4d22a1fd6d87304aca9a4"
    }
  },
  "npm": {
    "@types/node@22.13.13": {
      "integrity": "sha512-ClsL5nMwKaBRwPcCvH8E7+nU4GxHVx1axNvMZTFHMEfNI7oahimt26P5zjVCRrjiIWj6YFXfE1v3dEp94wLcGQ==",
      "dependencies": [
        "undici-types"
      ]
    },
    "undici-types@6.20.0": {
      "integrity": "sha512-Ny6QZ2Nju20vw1SRHe3d9jVu6gJ+4e3+MMpqu7pqE5HT6WsTSlce++GQmK5UXS8mzV8DSYHrQH+Xrf2jVcuKNg=="
    }
  },
  "workspace": {
    "dependencies": [
      "jsr:@rdsq/open@^1.0.1",
      "jsr:@std/assert@1"
    ]
  }
}
